// !$*UTF8*$!
{
	archiveVersion = 1;
	classes = {
	};
	objectVersion = 56;
	objects = {

/* Begin PBXBuildFile section */
		A57545402BE931C000ED5951 /* Currency.swift in Sources */ = {isa = PBXBuildFile; fileRef = A575453F2BE931C000ED5951 /* Currency.swift */; };
		A57545422BE93BAA00ED5951 /* ExchangeRate.swift in Sources */ = {isa = PBXBuildFile; fileRef = A57545412BE93BAA00ED5951 /* ExchangeRate.swift */; };
		A57545442BE9406400ED5951 /* ExchangeManager.swift in Sources */ = {isa = PBXBuildFile; fileRef = A57545432BE9406400ED5951 /* ExchangeManager.swift */; };
		A57545482BEB1AA000ED5951 /* CurrencyError.swift in Sources */ = {isa = PBXBuildFile; fileRef = A57545472BEB1AA000ED5951 /* CurrencyError.swift */; };
		A599B21D2BE1E2F800ED4BB3 /* CurrencyProjectApp.swift in Sources */ = {isa = PBXBuildFile; fileRef = A599B21C2BE1E2F800ED4BB3 /* CurrencyProjectApp.swift */; };
		A599B21F2BE1E2F800ED4BB3 /* ContentView.swift in Sources */ = {isa = PBXBuildFile; fileRef = A599B21E2BE1E2F800ED4BB3 /* ContentView.swift */; };
		A599B2212BE1E2F900ED4BB3 /* Assets.xcassets in Resources */ = {isa = PBXBuildFile; fileRef = A599B2202BE1E2F900ED4BB3 /* Assets.xcassets */; };
		A599B2242BE1E2F900ED4BB3 /* Preview Assets.xcassets in Resources */ = {isa = PBXBuildFile; fileRef = A599B2232BE1E2F900ED4BB3 /* Preview Assets.xcassets */; };
		A599B22E2BE1E87D00ED4BB3 /* ErrorView.swift in Sources */ = {isa = PBXBuildFile; fileRef = A599B22D2BE1E87D00ED4BB3 /* ErrorView.swift */; };
/* End PBXBuildFile section */

/* Begin PBXFileReference section */
		A575453F2BE931C000ED5951 /* Currency.swift */ = {isa = PBXFileReference; lastKnownFileType = sourcecode.swift; path = Currency.swift; sourceTree = "<group>"; };
		A57545412BE93BAA00ED5951 /* ExchangeRate.swift */ = {isa = PBXFileReference; lastKnownFileType = sourcecode.swift; path = ExchangeRate.swift; sourceTree = "<group>"; };
		A57545432BE9406400ED5951 /* ExchangeManager.swift */ = {isa = PBXFileReference; lastKnownFileType = sourcecode.swift; path = ExchangeManager.swift; sourceTree = "<group>"; };
		A57545472BEB1AA000ED5951 /* CurrencyError.swift */ = {isa = PBXFileReference; lastKnownFileType = sourcecode.swift; path = CurrencyError.swift; sourceTree = "<group>"; };
		A599B2192BE1E2F800ED4BB3 /* CurrencyProject.app */ = {isa = PBXFileReference; explicitFileType = wrapper.application; includeInIndex = 0; path = CurrencyProject.app; sourceTree = BUILT_PRODUCTS_DIR; };
		A599B21C2BE1E2F800ED4BB3 /* CurrencyProjectApp.swift */ = {isa = PBXFileReference; lastKnownFileType = sourcecode.swift; path = CurrencyProjectApp.swift; sourceTree = "<group>"; };
		A599B21E2BE1E2F800ED4BB3 /* ContentView.swift */ = {isa = PBXFileReference; lastKnownFileType = sourcecode.swift; path = ContentView.swift; sourceTree = "<group>"; };
		A599B2202BE1E2F900ED4BB3 /* Assets.xcassets */ = {isa = PBXFileReference; lastKnownFileType = folder.assetcatalog; path = Assets.xcassets; sourceTree = "<group>"; };
		A599B2232BE1E2F900ED4BB3 /* Preview Assets.xcassets */ = {isa = PBXFileReference; lastKnownFileType = folder.assetcatalog; path = "Preview Assets.xcassets"; sourceTree = "<group>"; };
		A599B22D2BE1E87D00ED4BB3 /* ErrorView.swift */ = {isa = PBXFileReference; lastKnownFileType = sourcecode.swift; path = ErrorView.swift; sourceTree = "<group>"; };
/* End PBXFileReference section */

/* Begin PBXFrameworksBuildPhase section */
		A599B2162BE1E2F800ED4BB3 /* Frameworks */ = {
			isa = PBXFrameworksBuildPhase;
			buildActionMask = 2147483647;
			files = (
			);
			runOnlyForDeploymentPostprocessing = 0;
		};
/* End PBXFrameworksBuildPhase section */

/* Begin PBXGroup section */
		A599B2102BE1E2F800ED4BB3 = {
			isa = PBXGroup;
			children = (
				A599B21B2BE1E2F800ED4BB3 /* CurrencyProject */,
				A599B21A2BE1E2F800ED4BB3 /* Products */,
			);
			sourceTree = "<group>";
		};
		A599B21A2BE1E2F800ED4BB3 /* Products */ = {
			isa = PBXGroup;
			children = (
				A599B2192BE1E2F800ED4BB3 /* CurrencyProject.app */,
			);
			name = Products;
			sourceTree = "<group>";
		};
		A599B21B2BE1E2F800ED4BB3 /* CurrencyProject */ = {
			isa = PBXGroup;
			children = (
				A599B21C2BE1E2F800ED4BB3 /* CurrencyProjectApp.swift */,
				A599B21E2BE1E2F800ED4BB3 /* ContentView.swift */,
				A599B2202BE1E2F900ED4BB3 /* Assets.xcassets */,
				A599B2222BE1E2F900ED4BB3 /* Preview Content */,
				A599B22D2BE1E87D00ED4BB3 /* ErrorView.swift */,
				A57545472BEB1AA000ED5951 /* CurrencyError.swift */,
				A575453F2BE931C000ED5951 /* Currency.swift */,
				A57545412BE93BAA00ED5951 /* ExchangeRate.swift */,
				A57545432BE9406400ED5951 /* ExchangeManager.swift */,
			);
			path = CurrencyProject;
			sourceTree = "<group>";
		};
		A599B2222BE1E2F900ED4BB3 /* Preview Content */ = {
			isa = PBXGroup;
			children = (
				A599B2232BE1E2F900ED4BB3 /* Preview Assets.xcassets */,
			);
			path = "Preview Content";
			sourceTree = "<group>";
		};
/* End PBXGroup section */

/* Begin PBXNativeTarget section */
		A599B2182BE1E2F800ED4BB3 /* CurrencyProject */ = {
			isa = PBXNativeTarget;
			buildConfigurationList = A599B2272BE1E2F900ED4BB3 /* Build configuration list for PBXNativeTarget "CurrencyProject" */;
			buildPhases = (
				A599B2152BE1E2F800ED4BB3 /* Sources */,
				A599B2162BE1E2F800ED4BB3 /* Frameworks */,
				A599B2172BE1E2F800ED4BB3 /* Resources */,
			);
			buildRules = (
			);
			dependencies = (
			);
			name = CurrencyProject;
			productName = CurrencyProject;
			productReference = A599B2192BE1E2F800ED4BB3 /* CurrencyProject.app */;
			productType = "com.apple.product-type.application";
		};
/* End PBXNativeTarget section */

/* Begin PBXProject section */
		A599B2112BE1E2F800ED4BB3 /* Project object */ = {
			isa = PBXProject;
			attributes = {
				BuildIndependentTargetsInParallel = 1;
				LastSwiftUpdateCheck = 1530;
				LastUpgradeCheck = 1530;
				TargetAttributes = {
					A599B2182BE1E2F800ED4BB3 = {
						CreatedOnToolsVersion = 15.3;
					};
				};
			};
			buildConfigurationList = A599B2142BE1E2F800ED4BB3 /* Build configuration list for PBXProject "CurrencyProject" */;
			compatibilityVersion = "Xcode 14.0";
			developmentRegion = en;
			hasScannedForEncodings = 0;
			knownRegions = (
				en,
				Base,
			);
			mainGroup = A599B2102BE1E2F800ED4BB3;
			productRefGroup = A599B21A2BE1E2F800ED4BB3 /* Products */;
			projectDirPath = "";
			projectRoot = "";
			targets = (
				A599B2182BE1E2F800ED4BB3 /* CurrencyProject */,
			);
		};
/* End PBXProject section */

/* Begin PBXResourcesBuildPhase section */
		A599B2172BE1E2F800ED4BB3 /* Resources */ = {
			isa = PBXResourcesBuildPhase;
			buildActionMask = 2147483647;
			files = (
				A599B2242BE1E2F900ED4BB3 /* Preview Assets.xcassets in Resources */,
				A599B2212BE1E2F900ED4BB3 /* Assets.xcassets in Resources */,
			);
			runOnlyForDeploymentPostprocessing = 0;
		};
/* End PBXResourcesBuildPhase section */

/* Begin PBXSourcesBuildPhase section */
		A599B2152BE1E2F800ED4BB3 /* Sources */ = {
			isa = PBXSourcesBuildPhase;
			buildActionMask = 2147483647;
			files = (
				A599B21F2BE1E2F800ED4BB3 /* ContentView.swift in Sources */,
				A57545402BE931C000ED5951 /* Currency.swift in Sources */,
				A57545442BE9406400ED5951 /* ExchangeManager.swift in Sources */,
				A57545482BEB1AA000ED5951 /* CurrencyError.swift in Sources */,
				A599B21D2BE1E2F800ED4BB3 /* CurrencyProjectApp.swift in Sources */,
				A57545422BE93BAA00ED5951 /* ExchangeRate.swift in Sources */,
				A599B22E2BE1E87D00ED4BB3 /* ErrorView.swift in Sources */,
			);
			runOnlyForDeploymentPostprocessing = 0;
		};
/* End PBXSourcesBuildPhase section */

/* Begin XCBuildConfiguration section */
		A599B2252BE1E2F900ED4BB3 /* Debug */ = {
			isa = XCBuildConfiguration;
			buildSettings = {
				ALWAYS_SEARCH_USER_PATHS = NO;
				ASSETCATALOG_COMPILER_GENERATE_SWIFT_ASSET_SYMBOL_EXTENSIONS = YES;
				CLANG_ANALYZER_NONNULL = YES;
				CLANG_ANALYZER_NUMBER_OBJECT_CONVERSION = YES_AGGRESSIVE;
				CLANG_CXX_LANGUAGE_STANDARD = "gnu++20";
				CLANG_ENABLE_MODULES = YES;
				CLANG_ENABLE_OBJC_ARC = YES;
				CLANG_ENABLE_OBJC_WEAK = YES;
				CLANG_WARN_BLOCK_CAPTURE_AUTORELEASING = YES;
				CLANG_WARN_BOOL_CONVERSION = YES;
				CLANG_WARN_COMMA = YES;
				CLANG_WARN_CONSTANT_CONVERSION = YES;
				CLANG_WARN_DEPRECATED_OBJC_IMPLEMENTATIONS = YES;
				CLANG_WARN_DIRECT_OBJC_ISA_USAGE = YES_ERROR;
				CLANG_WARN_DOCUMENTATION_COMMENTS = YES;
				CLANG_WARN_EMPTY_BODY = YES;
				CLANG_WARN_ENUM_CONVERSION = YES;
				CLANG_WARN_INFINITE_RECURSION = YES;
				CLANG_WARN_INT_CONVERSION = YES;
				CLANG_WARN_NON_LITERAL_NULL_CONVERSION = YES;
				CLANG_WARN_OBJC_IMPLICIT_RETAIN_SELF = YES;
				CLANG_WARN_OBJC_LITERAL_CONVERSION = YES;
				CLANG_WARN_OBJC_ROOT_CLASS = YES_ERROR;
				CLANG_WARN_QUOTED_INCLUDE_IN_FRAMEWORK_HEADER = YES;
				CLANG_WARN_RANGE_LOOP_ANALYSIS = YES;
				CLANG_WARN_STRICT_PROTOTYPES = YES;
				CLANG_WARN_SUSPICIOUS_MOVE = YES;
				CLANG_WARN_UNGUARDED_AVAILABILITY = YES_AGGRESSIVE;
				CLANG_WARN_UNREACHABLE_CODE = YES;
				CLANG_WARN__DUPLICATE_METHOD_MATCH = YES;
				COPY_PHASE_STRIP = NO;
				DEBUG_INFORMATION_FORMAT = dwarf;
				ENABLE_STRICT_OBJC_MSGSEND = YES;
				ENABLE_TESTABILITY = YES;
				ENABLE_USER_SCRIPT_SANDBOXING = YES;
				GCC_C_LANGUAGE_STANDARD = gnu17;
				GCC_DYNAMIC_NO_PIC = NO;
				GCC_NO_COMMON_BLOCKS = YES;
				GCC_OPTIMIZATION_LEVEL = 0;
				GCC_PREPROCESSOR_DEFINITIONS = (
					"DEBUG=1",
					"$(inherited)",
				);
				GCC_WARN_64_TO_32_BIT_CONVERSION = YES;
				GCC_WARN_ABOUT_RETURN_TYPE = YES_ERROR;
				GCC_WARN_UNDECLARED_SELECTOR = YES;
				GCC_WARN_UNINITIALIZED_AUTOS = YES_AGGRESSIVE;
				GCC_WARN_UNUSED_FUNCTION = YES;
				GCC_WARN_UNUSED_VARIABLE = YES;
				IPHONEOS_DEPLOYMENT_TARGET = 17.4;
				LOCALIZATION_PREFERS_STRING_CATALOGS = YES;
				MTL_ENABLE_DEBUG_INFO = INCLUDE_SOURCE;
				MTL_FAST_MATH = YES;
				ONLY_ACTIVE_ARCH = YES;
				SDKROOT = iphoneos;
				SWIFT_ACTIVE_COMPILATION_CONDITIONS = "DEBUG $(inherited)";
				SWIFT_OPTIMIZATION_LEVEL = "-Onone";
			};
			name = Debug;
		};
		A599B2262BE1E2F900ED4BB3 /* Release */ = {
			isa = XCBuildConfiguration;
			buildSettings = {
				ALWAYS_SEARCH_USER_PATHS = NO;
				ASSETCATALOG_COMPILER_GENERATE_SWIFT_ASSET_SYMBOL_EXTENSIONS = YES;
				CLANG_ANALYZER_NONNULL = YES;
				CLANG_ANALYZER_NUMBER_OBJECT_CONVERSION = YES_AGGRESSIVE;
				CLANG_CXX_LANGUAGE_STANDARD = "gnu++20";
				CLANG_ENABLE_MODULES = YES;
				CLANG_ENABLE_OBJC_ARC = YES;
				CLANG_ENABLE_OBJC_WEAK = YES;
				CLANG_WARN_BLOCK_CAPTURE_AUTORELEASING = YES;
				CLANG_WARN_BOOL_CONVERSION = YES;
				CLANG_WARN_COMMA = YES;
				CLANG_WARN_CONSTANT_CONVERSION = YES;
				CLANG_WARN_DEPRECATED_OBJC_IMPLEMENTATIONS = YES;
				CLANG_WARN_DIRECT_OBJC_ISA_USAGE = YES_ERROR;
				CLANG_WARN_DOCUMENTATION_COMMENTS = YES;
				CLANG_WARN_EMPTY_BODY = YES;
				CLANG_WARN_ENUM_CONVERSION = YES;
				CLANG_WARN_INFINITE_RECURSION = YES;
				CLANG_WARN_INT_CONVERSION = YES;
				CLANG_WARN_NON_LITERAL_NULL_CONVERSION = YES;
				CLANG_WARN_OBJC_IMPLICIT_RETAIN_SELF = YES;
				CLANG_WARN_OBJC_LITERAL_CONVERSION = YES;
				CLANG_WARN_OBJC_ROOT_CLASS = YES_ERROR;
				CLANG_WARN_QUOTED_INCLUDE_IN_FRAMEWORK_HEADER = YES;
				CLANG_WARN_RANGE_LOOP_ANALYSIS = YES;
				CLANG_WARN_STRICT_PROTOTYPES = YES;
				CLANG_WARN_SUSPICIOUS_MOVE = YES;
				CLANG_WARN_UNGUARDED_AVAILABILITY = YES_AGGRESSIVE;
				CLANG_WARN_UNREACHABLE_CODE = YES;
				CLANG_WARN__DUPLICATE_METHOD_MATCH = YES;
				COPY_PHASE_STRIP = NO;
				DEBUG_INFORMATION_FORMAT = "dwarf-with-dsym";
				ENABLE_NS_ASSERTIONS = NO;
				ENABLE_STRICT_OBJC_MSGSEND = YES;
				ENABLE_USER_SCRIPT_SANDBOXING = YES;
				GCC_C_LANGUAGE_STANDARD = gnu17;
				GCC_NO_COMMON_BLOCKS = YES;
				GCC_WARN_64_TO_32_BIT_CONVERSION = YES;
				GCC_WARN_ABOUT_RETURN_TYPE = YES_ERROR;
				GCC_WARN_UNDECLARED_SELECTOR = YES;
				GCC_WARN_UNINITIALIZED_AUTOS = YES_AGGRESSIVE;
				GCC_WARN_UNUSED_FUNCTION = YES;
				GCC_WARN_UNUSED_VARIABLE = YES;
				IPHONEOS_DEPLOYMENT_TARGET = 17.4;
				LOCALIZATION_PREFERS_STRING_CATALOGS = YES;
				MTL_ENABLE_DEBUG_INFO = NO;
				MTL_FAST_MATH = YES;
				SDKROOT = iphoneos;
				SWIFT_COMPILATION_MODE = wholemodule;
				VALIDATE_PRODUCT = YES;
			};
			name = Release;
		};
		A599B2282BE1E2F900ED4BB3 /* Debug */ = {
			isa = XCBuildConfiguration;
			buildSettings = {
				ASSETCATALOG_COMPILER_APPICON_NAME = AppIcon;
				ASSETCATALOG_COMPILER_GLOBAL_ACCENT_COLOR_NAME = AccentColor;
				CODE_SIGN_STYLE = Automatic;
				CURRENT_PROJECT_VERSION = 1;
				DEVELOPMENT_ASSET_PATHS = "\"CurrencyProject/Preview Content\"";
				ENABLE_PREVIEWS = YES;
				GENERATE_INFOPLIST_FILE = YES;
				INFOPLIST_KEY_UIApplicationSceneManifest_Generation = YES;
				INFOPLIST_KEY_UIApplicationSupportsIndirectInputEvents = YES;
				INFOPLIST_KEY_UILaunchScreen_Generation = YES;
				INFOPLIST_KEY_UISupportedInterfaceOrientations_iPad = "UIInterfaceOrientationPortrait UIInterfaceOrientationPortraitUpsideDown UIInterfaceOrientationLandscapeLeft UIInterfaceOrientationLandscapeRight";
				INFOPLIST_KEY_UISupportedInterfaceOrientations_iPhone = "UIInterfaceOrientationPortrait UIInterfaceOrientationLandscapeLeft UIInterfaceOrientationLandscapeRight";
				LD_RUNPATH_SEARCH_PATHS = (
					"$(inherited)",
					"@executable_path/Frameworks",
				);
				MARKETING_VERSION = 1.0;
				PRODUCT_BUNDLE_IDENTIFIER = rrcodes.CurrencyProject;
				PRODUCT_NAME = "$(TARGET_NAME)";
				SWIFT_EMIT_LOC_STRINGS = YES;
				SWIFT_VERSION = 5.0;
				TARGETED_DEVICE_FAMILY = "1,2";
			};
			name = Debug;
		};
		A599B2292BE1E2F900ED4BB3 /* Release */ = {
			isa = XCBuildConfiguration;
			buildSettings = {
				ASSETCATALOG_COMPILER_APPICON_NAME = AppIcon;
				ASSETCATALOG_COMPILER_GLOBAL_ACCENT_COLOR_NAME = AccentColor;
				CODE_SIGN_STYLE = Automatic;
				CURRENT_PROJECT_VERSION = 1;
				DEVELOPMENT_ASSET_PATHS = "\"CurrencyProject/Preview Content\"";
				ENABLE_PREVIEWS = YES;
				GENERATE_INFOPLIST_FILE = YES;
				INFOPLIST_KEY_UIApplicationSceneManifest_Generation = YES;
				INFOPLIST_KEY_UIApplicationSupportsIndirectInputEvents = YES;
				INFOPLIST_KEY_UILaunchScreen_Generation = YES;
				INFOPLIST_KEY_UISupportedInterfaceOrientations_iPad = "UIInterfaceOrientationPortrait UIInterfaceOrientationPortraitUpsideDown UIInterfaceOrientationLandscapeLeft UIInterfaceOrientationLandscapeRight";
				INFOPLIST_KEY_UISupportedInterfaceOrientations_iPhone = "UIInterfaceOrientationPortrait UIInterfaceOrientationLandscapeLeft UIInterfaceOrientationLandscapeRight";
				LD_RUNPATH_SEARCH_PATHS = (
					"$(inherited)",
					"@executable_path/Frameworks",
				);
				MARKETING_VERSION = 1.0;
				PRODUCT_BUNDLE_IDENTIFIER = rrcodes.CurrencyProject;
				PRODUCT_NAME = "$(TARGET_NAME)";
				SWIFT_EMIT_LOC_STRINGS = YES;
				SWIFT_VERSION = 5.0;
				TARGETED_DEVICE_FAMILY = "1,2";
			};
			name = Release;
		};
/* End XCBuildConfiguration section */

/* Begin XCConfigurationList section */
		A599B2142BE1E2F800ED4BB3 /* Build configuration list for PBXProject "CurrencyProject" */ = {
			isa = XCConfigurationList;
			buildConfigurations = (
				A599B2252BE1E2F900ED4BB3 /* Debug */,
				A599B2262BE1E2F900ED4BB3 /* Release */,
			);
			defaultConfigurationIsVisible = 0;
			defaultConfigurationName = Release;
		};
		A599B2272BE1E2F900ED4BB3 /* Build configuration list for PBXNativeTarget "CurrencyProject" */ = {
			isa = XCConfigurationList;
			buildConfigurations = (
				A599B2282BE1E2F900ED4BB3 /* Debug */,
				A599B2292BE1E2F900ED4BB3 /* Release */,
			);
			defaultConfigurationIsVisible = 0;
			defaultConfigurationName = Release;
		};
/* End XCConfigurationList section */
	};
	rootObject = A599B2112BE1E2F800ED4BB3 /* Project object */;
}
